dependencies:
- name: postgresql
  repository: https://charts.bitnami.com/bitnami
  version: 15.5.38
- name: postgresql
  repository: https://charts.bitnami.com/bitnami
  version: 15.5.38
- name: redis
  repository: https://charts.bitnami.com/bitnami
  version: 19.6.4
digest: sha256:4a963bbcd499f41e50013e02d7a030e14788009b4498e216c026fd2060daf615
generated: "2026-05-14T15:25:21.0673778+03:00"
